
Microsoft Visual Studio Solution File, Format Version 12.00
# Visual Studio 15
VisualStudioVersion = 15.0.28307.757
MinimumVisualStudioVersion = 10.0.40219.1
Project("{9A19103F-16F7-4668-BE54-9A1E7A4F7556}") = "AzureDocker", "AzureDocker\AzureDocker.csproj", "{A138EDB4-C21F-47B6-A566-84E2B6364E36}"
EndProject
Project("{9A19103F-16F7-4668-BE54-9A1E7A4F7556}") = "AzureFunction", "AzureFunction\AzureFunction.csproj", "{1068711A-214E-469B-B2DA-C3CA9C6E0A88}"
EndProject
Project("{9A19103F-16F7-4668-BE54-9A1E7A4F7556}") = "AzureApp", "AzureApp\AzureApp.csproj", "{010E0528-CA38-4C5C-A353-9977CE55F6D5}"
EndProject
Project("{9A19103F-16F7-4668-BE54-9A1E7A4F7556}") = "MicrosoftGraphSDK", "MicrosoftGraphSDK\MicrosoftGraphSDK.csproj", "{797476E4-9711-4D73-9FD3-EB942969745B}"
EndProject
Project("{9A19103F-16F7-4668-BE54-9A1E7A4F7556}") = "DotNetCoreSqlDb", "DotNetCoreSQLDB\DotNetCoreSqlDb.csproj", "{6FA8E157-1A27-4778-8478-F5861BF84633}"
EndProject
Global
	GlobalSection(SolutionConfigurationPlatforms) = preSolution
		Debug|Any CPU = Debug|Any CPU
		Release|Any CPU = Release|Any CPU
	EndGlobalSection
	GlobalSection(ProjectConfigurationPlatforms) = postSolution
		{A138EDB4-C21F-47B6-A566-84E2B6364E36}.Debug|Any CPU.ActiveCfg = Debug|Any CPU
		{A138EDB4-C21F-47B6-A566-84E2B6364E36}.Debug|Any CPU.Build.0 = Debug|Any CPU
		{A138EDB4-C21F-47B6-A566-84E2B6364E36}.Release|Any CPU.ActiveCfg = Release|Any CPU
		{A138EDB4-C21F-47B6-A566-84E2B6364E36}.Release|Any CPU.Build.0 = Release|Any CPU
		{1068711A-214E-469B-B2DA-C3CA9C6E0A88}.Debug|Any CPU.ActiveCfg = Debug|Any CPU
		{1068711A-214E-469B-B2DA-C3CA9C6E0A88}.Debug|Any CPU.Build.0 = Debug|Any CPU
		{1068711A-214E-469B-B2DA-C3CA9C6E0A88}.Release|Any CPU.ActiveCfg = Release|Any CPU
		{1068711A-214E-469B-B2DA-C3CA9C6E0A88}.Release|Any CPU.Build.0 = Release|Any CPU
		{010E0528-CA38-4C5C-A353-9977CE55F6D5}.Debug|Any CPU.ActiveCfg = Debug|Any CPU
		{010E0528-CA38-4C5C-A353-9977CE55F6D5}.Debug|Any CPU.Build.0 = Debug|Any CPU
		{010E0528-CA38-4C5C-A353-9977CE55F6D5}.Release|Any CPU.ActiveCfg = Release|Any CPU
		{010E0528-CA38-4C5C-A353-9977CE55F6D5}.Release|Any CPU.Build.0 = Release|Any CPU
		{797476E4-9711-4D73-9FD3-EB942969745B}.Debug|Any CPU.ActiveCfg = Debug|Any CPU
		{797476E4-9711-4D73-9FD3-EB942969745B}.Debug|Any CPU.Build.0 = Debug|Any CPU
		{797476E4-9711-4D73-9FD3-EB942969745B}.Release|Any CPU.ActiveCfg = Release|Any CPU
		{797476E4-9711-4D73-9FD3-EB942969745B}.Release|Any CPU.Build.0 = Release|Any CPU
		{6FA8E157-1A27-4778-8478-F5861BF84633}.Debug|Any CPU.ActiveCfg = Debug|Any CPU
		{6FA8E157-1A27-4778-8478-F5861BF84633}.Debug|Any CPU.Build.0 = Debug|Any CPU
		{6FA8E157-1A27-4778-8478-F5861BF84633}.Release|Any CPU.ActiveCfg = Release|Any CPU
		{6FA8E157-1A27-4778-8478-F5861BF84633}.Release|Any CPU.Build.0 = Release|Any CPU
	EndGlobalSection
	GlobalSection(SolutionProperties) = preSolution
		HideSolutionNode = FALSE
	EndGlobalSection
	GlobalSection(ExtensibilityGlobals) = postSolution
		SolutionGuid = {EF73302D-B60D-4945-ABF2-524E06AF554E}
	EndGlobalSection
EndGlobal
